Microsoft Visual Studio Solution File, Format Version 12.00
# Visual Studio Version 17
VisualStudioVersion = 17.0.31903.59
MinimumVisualStudioVersion = 10.0.40219.1
Project("{9A19103F-16F7-4668-BE54-9A1E7A4F7556}") = "MPHCore", "MPHCore\MPHCore.csproj", "{A2D87D85-4AD8-44FB-948D-E7B773C1B80E}"
EndProject
Project("{9A19103F-16F7-4668-BE54-9A1E7A4F7556}") = "MPHEditor", "MPHEditor\MPHEditor.csproj", "{42CD8230-36BB-44A9-8A28-0D09BADA19CB}"
EndProject
Global
	GlobalSection(SolutionConfigurationPlatforms) = preSolution
		Debug|Any CPU = Debug|Any CPU
		Release|Any CPU = Release|Any CPU
	EndGlobalSection
	GlobalSection(ProjectConfigurationPlatforms) = postSolution
		{A2D87D85-4AD8-44FB-948D-E7B773C1B80E}.Debug|Any CPU.ActiveCfg = Debug|Any CPU
		{A2D87D85-4AD8-44FB-948D-E7B773C1B80E}.Debug|Any CPU.Build.0 = Debug|Any CPU
		{A2D87D85-4AD8-44FB-948D-E7B773C1B80E}.Release|Any CPU.ActiveCfg = Release|Any CPU
		{A2D87D85-4AD8-44FB-948D-E7B773C1B80E}.Release|Any CPU.Build.0 = Release|Any CPU
		{42CD8230-36BB-44A9-8A28-0D09BADA19CB}.Debug|Any CPU.ActiveCfg = Debug|Any CPU
		{42CD8230-36BB-44A9-8A28-0D09BADA19CB}.Debug|Any CPU.Build.0 = Debug|Any CPU
		{42CD8230-36BB-44A9-8A28-0D09BADA19CB}.Release|Any CPU.ActiveCfg = Release|Any CPU
		{42CD8230-36BB-44A9-8A28-0D09BADA19CB}.Release|Any CPU.Build.0 = Release|Any CPU
	EndGlobalSection
	GlobalSection(SolutionProperties) = preSolution
		HideSolutionNode = FALSE
	EndGlobalSection
EndGlobal
