Microsoft Visual Studio Solution File, Format Version 12.00
# Visual Studio Version 17
VisualStudioVersion = 17.0.31903.59
MinimumVisualStudioVersion = 10.0.40219.1
Project("{FAE04EC0-301F-11D3-BF4B-00C04F79EFBC}") = "MPHCore", "MPHCore\MPHCore.csproj", "{A2D87D85-4AD8-44FB-948D-E7B773C1B80E}"
EndProject
Project("{FAE04EC0-301F-11D3-BF4B-00C04F79EFBC}") = "MPHEditor", "MPHEditor\MPHEditor.csproj", "{42CD8230-36BB-44A9-8A28-0D09BADA19CB}"
	ProjectSection(ProjectDependencies) = postProject
		{A2D87D85-4AD8-44FB-948D-E7B773C1B80E} = {A2D87D85-4AD8-44FB-948D-E7B773C1B80E}
	EndProjectSection
EndProject
Global
	GlobalSection(SolutionConfigurationPlatforms) = preSolution
		Debug|Any CPU = Debug|Any CPU
		Release|Any CPU = Release|Any CPU
	EndGlobalSection
	GlobalSection(ProjectConfigurationPlatforms) = postSolution
		{A2D87D85-4AD8-44FB-948D-E7B773C1B80E}.Debug|Any CPU.ActiveCfg = Debug|Any CPU
		{A2D87D85-4AD8-44FB-948D-E7B773C1B80E}.Debug|Any CPU.Build.0 = Debug|Any CPU
		{A2D87D85-4AD8-44FB-948D-E7B773C1B80E}.Release|Any CPU.ActiveCfg = Release|Any CPU
		{A2D87D85-4AD8-44FB-948D-E7B773C1B80E}.Release|Any CPU.Build.0 = Release|Any CPU
		{42CD8230-36BB-44A9-8A28-0D09BADA19CB}.Debug|Any CPU.ActiveCfg = Debug|Any CPU
		{42CD8230-36BB-44A9-8A28-0D09BADA19CB}.Debug|Any CPU.Build.0 = Debug|Any CPU
		{42CD8230-36BB-44A9-8A28-0D09BADA19CB}.Debug|Any CPU.Deploy.0 = Debug|Any CPU
		{42CD8230-36BB-44A9-8A28-0D09BADA19CB}.Release|Any CPU.ActiveCfg = Release|Any CPU
		{42CD8230-36BB-44A9-8A28-0D09BADA19CB}.Release|Any CPU.Build.0 = Release|Any CPU
		{42CD8230-36BB-44A9-8A28-0D09BADA19CB}.Release|Any CPU.Deploy.0 = Release|Any CPU
	EndGlobalSection
	GlobalSection(SolutionProperties) = preSolution
		HideSolutionNode = FALSE
	EndGlobalSection
	GlobalSection(ExtensibilityGlobals) = postSolution
		SolutionGuid = {515E3349-410B-4E68-ABC5-B323BFA68777}
	EndGlobalSection
EndGlobal
